
Microsoft Visual Studio Solution File, Format Version 12.00
# Visual Studio Version 17
VisualStudioVersion = 17.11.35219.272
MinimumVisualStudioVersion = 10.0.40219.1
Project("{FAE04EC0-301F-11D3-BF4B-00C04F79EFBC}") = "Polymorph2", "Polymorph2\Polymorph2.csproj", "{D52F1B3E-D076-49C2-B7FC-A391E63ACF28}"
EndProject
Global
	GlobalSection(SolutionConfigurationPlatforms) = preSolution
		Debug|Any CPU = Debug|Any CPU
		Release|Any CPU = Release|Any CPU
	EndGlobalSection
	GlobalSection(ProjectConfigurationPlatforms) = postSolution
		{D52F1B3E-D076-49C2-B7FC-A391E63ACF28}.Debug|Any CPU.ActiveCfg = Debug|Any CPU
		{D52F1B3E-D076-49C2-B7FC-A391E63ACF28}.Debug|Any CPU.Build.0 = Debug|Any CPU
		{D52F1B3E-D076-49C2-B7FC-A391E63ACF28}.Release|Any CPU.ActiveCfg = Release|Any CPU
		{D52F1B3E-D076-49C2-B7FC-A391E63ACF28}.Release|Any CPU.Build.0 = Release|Any CPU
	EndGlobalSection
	GlobalSection(SolutionProperties) = preSolution
		HideSolutionNode = FALSE
	EndGlobalSection
	GlobalSection(ExtensibilityGlobals) = postSolution
		SolutionGuid = {EA98660C-E505-4130-87D1-8662FA85BE17}
	EndGlobalSection
EndGlobal
