
Microsoft Visual Studio Solution File, Format Version 12.00
# Visual Studio Version 17
VisualStudioVersion = 17.11.35219.272
MinimumVisualStudioVersion = 10.0.40219.1
Project("{FAE04EC0-301F-11D3-BF4B-00C04F79EFBC}") = "Polymorph", "Polymorph\Polymorph.csproj", "{6550D9DE-8025-4A42-9833-216664BEC200}"
EndProject
Global
	GlobalSection(SolutionConfigurationPlatforms) = preSolution
		Debug|Any CPU = Debug|Any CPU
		Release|Any CPU = Release|Any CPU
	EndGlobalSection
	GlobalSection(ProjectConfigurationPlatforms) = postSolution
		{6550D9DE-8025-4A42-9833-216664BEC200}.Debug|Any CPU.ActiveCfg = Debug|Any CPU
		{6550D9DE-8025-4A42-9833-216664BEC200}.Debug|Any CPU.Build.0 = Debug|Any CPU
		{6550D9DE-8025-4A42-9833-216664BEC200}.Release|Any CPU.ActiveCfg = Release|Any CPU
		{6550D9DE-8025-4A42-9833-216664BEC200}.Release|Any CPU.Build.0 = Release|Any CPU
	EndGlobalSection
	GlobalSection(SolutionProperties) = preSolution
		HideSolutionNode = FALSE
	EndGlobalSection
	GlobalSection(ExtensibilityGlobals) = postSolution
		SolutionGuid = {CD15277D-A2C8-4323-A114-DB91DC7894FF}
	EndGlobalSection
EndGlobal
